
Microsoft Visual Studio Solution File, Format Version 12.00
# Visual Studio Version 16
VisualStudioVersion = 16.0.30717.126
MinimumVisualStudioVersion = 15.0.26124.0
Project("{9A19103F-16F7-4668-BE54-9A1E7A4F7556}") = "DesignPattern", "DesignPattern\DesignPattern.csproj", "{80B3CBA8-2D26-44EC-A688-DE8E2FECD1E1}"
EndProject
Project("{FAE04EC0-301F-11D3-BF4B-00C04F79EFBC}") = "Factory", "Factory\Factory.csproj", "{383795BA-D9E1-4904-9C16-98D5E1B99ED8}"
EndProject
Project("{FAE04EC0-301F-11D3-BF4B-00C04F79EFBC}") = "Mediator", "Mediator\Mediator.csproj", "{A07DFBE0-DF2A-4E22-87E1-075C64A5CBFB}"
EndProject
Project("{FAE04EC0-301F-11D3-BF4B-00C04F79EFBC}") = "Proxy", "Proxy\Proxy.csproj", "{A9FDE801-C8A3-4065-B51E-EB5E54C61A63}"
EndProject
Global
	GlobalSection(SolutionConfigurationPlatforms) = preSolution
		Debug|Any CPU = Debug|Any CPU
		Debug|x64 = Debug|x64
		Debug|x86 = Debug|x86
		Release|Any CPU = Release|Any CPU
		Release|x64 = Release|x64
		Release|x86 = Release|x86
	EndGlobalSection
	GlobalSection(ProjectConfigurationPlatforms) = postSolution
		{80B3CBA8-2D26-44EC-A688-DE8E2FECD1E1}.Debug|Any CPU.ActiveCfg = Debug|Any CPU
		{80B3CBA8-2D26-44EC-A688-DE8E2FECD1E1}.Debug|Any CPU.Build.0 = Debug|Any CPU
		{80B3CBA8-2D26-44EC-A688-DE8E2FECD1E1}.Debug|x64.ActiveCfg = Debug|Any CPU
		{80B3CBA8-2D26-44EC-A688-DE8E2FECD1E1}.Debug|x64.Build.0 = Debug|Any CPU
		{80B3CBA8-2D26-44EC-A688-DE8E2FECD1E1}.Debug|x86.ActiveCfg = Debug|Any CPU
		{80B3CBA8-2D26-44EC-A688-DE8E2FECD1E1}.Debug|x86.Build.0 = Debug|Any CPU
		{80B3CBA8-2D26-44EC-A688-DE8E2FECD1E1}.Release|Any CPU.ActiveCfg = Release|Any CPU
		{80B3CBA8-2D26-44EC-A688-DE8E2FECD1E1}.Release|Any CPU.Build.0 = Release|Any CPU
		{80B3CBA8-2D26-44EC-A688-DE8E2FECD1E1}.Release|x64.ActiveCfg = Release|Any CPU
		{80B3CBA8-2D26-44EC-A688-DE8E2FECD1E1}.Release|x64.Build.0 = Release|Any CPU
		{80B3CBA8-2D26-44EC-A688-DE8E2FECD1E1}.Release|x86.ActiveCfg = Release|Any CPU
		{80B3CBA8-2D26-44EC-A688-DE8E2FECD1E1}.Release|x86.Build.0 = Release|Any CPU
		{383795BA-D9E1-4904-9C16-98D5E1B99ED8}.Debug|Any CPU.ActiveCfg = Debug|Any CPU
		{383795BA-D9E1-4904-9C16-98D5E1B99ED8}.Debug|Any CPU.Build.0 = Debug|Any CPU
		{383795BA-D9E1-4904-9C16-98D5E1B99ED8}.Debug|x64.ActiveCfg = Debug|Any CPU
		{383795BA-D9E1-4904-9C16-98D5E1B99ED8}.Debug|x64.Build.0 = Debug|Any CPU
		{383795BA-D9E1-4904-9C16-98D5E1B99ED8}.Debug|x86.ActiveCfg = Debug|Any CPU
		{383795BA-D9E1-4904-9C16-98D5E1B99ED8}.Debug|x86.Build.0 = Debug|Any CPU
		{383795BA-D9E1-4904-9C16-98D5E1B99ED8}.Release|Any CPU.ActiveCfg = Release|Any CPU
		{383795BA-D9E1-4904-9C16-98D5E1B99ED8}.Release|Any CPU.Build.0 = Release|Any CPU
		{383795BA-D9E1-4904-9C16-98D5E1B99ED8}.Release|x64.ActiveCfg = Release|Any CPU
		{383795BA-D9E1-4904-9C16-98D5E1B99ED8}.Release|x64.Build.0 = Release|Any CPU
		{383795BA-D9E1-4904-9C16-98D5E1B99ED8}.Release|x86.ActiveCfg = Release|Any CPU
		{383795BA-D9E1-4904-9C16-98D5E1B99ED8}.Release|x86.Build.0 = Release|Any CPU
		{A07DFBE0-DF2A-4E22-87E1-075C64A5CBFB}.Debug|Any CPU.ActiveCfg = Debug|Any CPU
		{A07DFBE0-DF2A-4E22-87E1-075C64A5CBFB}.Debug|Any CPU.Build.0 = Debug|Any CPU
		{A07DFBE0-DF2A-4E22-87E1-075C64A5CBFB}.Debug|x64.ActiveCfg = Debug|Any CPU
		{A07DFBE0-DF2A-4E22-87E1-075C64A5CBFB}.Debug|x64.Build.0 = Debug|Any CPU
		{A07DFBE0-DF2A-4E22-87E1-075C64A5CBFB}.Debug|x86.ActiveCfg = Debug|Any CPU
		{A07DFBE0-DF2A-4E22-87E1-075C64A5CBFB}.Debug|x86.Build.0 = Debug|Any CPU
		{A07DFBE0-DF2A-4E22-87E1-075C64A5CBFB}.Release|Any CPU.ActiveCfg = Release|Any CPU
		{A07DFBE0-DF2A-4E22-87E1-075C64A5CBFB}.Release|Any CPU.Build.0 = Release|Any CPU
		{A07DFBE0-DF2A-4E22-87E1-075C64A5CBFB}.Release|x64.ActiveCfg = Release|Any CPU
		{A07DFBE0-DF2A-4E22-87E1-075C64A5CBFB}.Release|x64.Build.0 = Release|Any CPU
		{A07DFBE0-DF2A-4E22-87E1-075C64A5CBFB}.Release|x86.ActiveCfg = Release|Any CPU
		{A07DFBE0-DF2A-4E22-87E1-075C64A5CBFB}.Release|x86.Build.0 = Release|Any CPU
		{A9FDE801-C8A3-4065-B51E-EB5E54C61A63}.Debug|Any CPU.ActiveCfg = Debug|Any CPU
		{A9FDE801-C8A3-4065-B51E-EB5E54C61A63}.Debug|Any CPU.Build.0 = Debug|Any CPU
		{A9FDE801-C8A3-4065-B51E-EB5E54C61A63}.Debug|x64.ActiveCfg = Debug|Any CPU
		{A9FDE801-C8A3-4065-B51E-EB5E54C61A63}.Debug|x64.Build.0 = Debug|Any CPU
		{A9FDE801-C8A3-4065-B51E-EB5E54C61A63}.Debug|x86.ActiveCfg = Debug|Any CPU
		{A9FDE801-C8A3-4065-B51E-EB5E54C61A63}.Debug|x86.Build.0 = Debug|Any CPU
		{A9FDE801-C8A3-4065-B51E-EB5E54C61A63}.Release|Any CPU.ActiveCfg = Release|Any CPU
		{A9FDE801-C8A3-4065-B51E-EB5E54C61A63}.Release|Any CPU.Build.0 = Release|Any CPU
		{A9FDE801-C8A3-4065-B51E-EB5E54C61A63}.Release|x64.ActiveCfg = Release|Any CPU
		{A9FDE801-C8A3-4065-B51E-EB5E54C61A63}.Release|x64.Build.0 = Release|Any CPU
		{A9FDE801-C8A3-4065-B51E-EB5E54C61A63}.Release|x86.ActiveCfg = Release|Any CPU
		{A9FDE801-C8A3-4065-B51E-EB5E54C61A63}.Release|x86.Build.0 = Release|Any CPU
	EndGlobalSection
	GlobalSection(SolutionProperties) = preSolution
		HideSolutionNode = FALSE
	EndGlobalSection
	GlobalSection(ExtensibilityGlobals) = postSolution
		SolutionGuid = {B788232D-9D92-40CF-9DC1-FBEACF8B9F41}
	EndGlobalSection
EndGlobal
